// !$*UTF8*$!
{
	archiveVersion = 1;
	classes = {
	};
	objectVersion = 51;
	objects = {

/* Begin PBXBuildFile section */
		122AFB6F5F409A355E38A8F3 /* Pods_FlashWords.framework in Frameworks */ = {isa = PBXBuildFile; fileRef = 8FE025291FEB3A977F58695C /* Pods_FlashWords.framework */; };
		D6369D1A24744B680099DB5D /* Translate.swift in Sources */ = {isa = PBXBuildFile; fileRef = D6369D1924744B680099DB5D /* Translate.swift */; };
		D640469F245AEFAA0040802E /* Category.swift in Sources */ = {isa = PBXBuildFile; fileRef = D640469E245AEFAA0040802E /* Category.swift */; };
		D647E1062529CE1E00447DFA /* Settings.swift in Sources */ = {isa = PBXBuildFile; fileRef = D647E1052529CE1E00447DFA /* Settings.swift */; };
		D647E1092529D7E700447DFA /* SettingsViewController.swift in Sources */ = {isa = PBXBuildFile; fileRef = D647E1082529D7E700447DFA /* SettingsViewController.swift */; };
		D65A66BF246DB82F00B0E1F7 /* EditWordsViewController.swift in Sources */ = {isa = PBXBuildFile; fileRef = D65A66BE246DB82F00B0E1F7 /* EditWordsViewController.swift */; };
		D66361C5247C4C7300E55F0C /* LearnWordsViewController.swift in Sources */ = {isa = PBXBuildFile; fileRef = D66361C4247C4C7300E55F0C /* LearnWordsViewController.swift */; };
		D685D163246055F300CABED4 /* WordsViewController.swift in Sources */ = {isa = PBXBuildFile; fileRef = D685D162246055F300CABED4 /* WordsViewController.swift */; };
		D685D1672460594500CABED4 /* Word.swift in Sources */ = {isa = PBXBuildFile; fileRef = D685D1662460594500CABED4 /* Word.swift */; };
		D685D16B2460682900CABED4 /* AddWordsViewController.swift in Sources */ = {isa = PBXBuildFile; fileRef = D685D16A2460682900CABED4 /* AddWordsViewController.swift */; };
		D6DDE3C92459ED60009855B8 /* AppDelegate.swift in Sources */ = {isa = PBXBuildFile; fileRef = D6DDE3C82459ED60009855B8 /* AppDelegate.swift */; };
		D6DDE3CB2459ED60009855B8 /* SceneDelegate.swift in Sources */ = {isa = PBXBuildFile; fileRef = D6DDE3CA2459ED60009855B8 /* SceneDelegate.swift */; };
		D6DDE3CD2459ED60009855B8 /* CategoryViewController.swift in Sources */ = {isa = PBXBuildFile; fileRef = D6DDE3CC2459ED60009855B8 /* CategoryViewController.swift */; };
		D6DDE3D02459ED60009855B8 /* Main.storyboard in Resources */ = {isa = PBXBuildFile; fileRef = D6DDE3CE2459ED60009855B8 /* Main.storyboard */; };
		D6DDE3D22459ED60009855B8 /* Assets.xcassets in Resources */ = {isa = PBXBuildFile; fileRef = D6DDE3D12459ED60009855B8 /* Assets.xcassets */; };
		D6DDE3D52459ED60009855B8 /* LaunchScreen.storyboard in Resources */ = {isa = PBXBuildFile; fileRef = D6DDE3D32459ED60009855B8 /* LaunchScreen.storyboard */; };
/* End PBXBuildFile section */

/* Begin PBXFileReference section */
		38B1D694C8E2A0DAAE6434E9 /* Pods-FlashWords.release.xcconfig */ = {isa = PBXFileReference; includeInIndex = 1; lastKnownFileType = text.xcconfig; name = "Pods-FlashWords.release.xcconfig"; path = "Target Support Files/Pods-FlashWords/Pods-FlashWords.release.xcconfig"; sourceTree = "<group>"; };
		866584E99AFC57C6F250B0B5 /* Pods-FlashWords.debug.xcconfig */ = {isa = PBXFileReference; includeInIndex = 1; lastKnownFileType = text.xcconfig; name = "Pods-FlashWords.debug.xcconfig"; path = "Target Support Files/Pods-FlashWords/Pods-FlashWords.debug.xcconfig"; sourceTree = "<group>"; };
		8FE025291FEB3A977F58695C /* Pods_FlashWords.framework */ = {isa = PBXFileReference; explicitFileType = wrapper.framework; includeInIndex = 0; path = Pods_FlashWords.framework; sourceTree = BUILT_PRODUCTS_DIR; };
		D6369D1924744B680099DB5D /* Translate.swift */ = {isa = PBXFileReference; lastKnownFileType = sourcecode.swift; path = Translate.swift; sourceTree = "<group>"; };
		D640469E245AEFAA0040802E /* Category.swift */ = {isa = PBXFileReference; lastKnownFileType = sourcecode.swift; path = Category.swift; sourceTree = "<group>"; };
		D647E1052529CE1E00447DFA /* Settings.swift */ = {isa = PBXFileReference; lastKnownFileType = sourcecode.swift; path = Settings.swift; sourceTree = "<group>"; };
		D647E1082529D7E700447DFA /* SettingsViewController.swift */ = {isa = PBXFileReference; lastKnownFileType = sourcecode.swift; path = SettingsViewController.swift; sourceTree = "<group>"; };
		D65A66BE246DB82F00B0E1F7 /* EditWordsViewController.swift */ = {isa = PBXFileReference; lastKnownFileType = sourcecode.swift; path = EditWordsViewController.swift; sourceTree = "<group>"; };
		D66361C4247C4C7300E55F0C /* LearnWordsViewController.swift */ = {isa = PBXFileReference; lastKnownFileType = sourcecode.swift; path = LearnWordsViewController.swift; sourceTree = "<group>"; };
		D685D162246055F300CABED4 /* WordsViewController.swift */ = {isa = PBXFileReference; lastKnownFileType = sourcecode.swift; path = WordsViewController.swift; sourceTree = "<group>"; };
		D685D1662460594500CABED4 /* Word.swift */ = {isa = PBXFileReference; lastKnownFileType = sourcecode.swift; path = Word.swift; sourceTree = "<group>"; };
		D685D16A2460682900CABED4 /* AddWordsViewController.swift */ = {isa = PBXFileReference; lastKnownFileType = sourcecode.swift; path = AddWordsViewController.swift; sourceTree = "<group>"; };
		D6DDE3C52459ED60009855B8 /* FlashWords.app */ = {isa = PBXFileReference; explicitFileType = wrapper.application; includeInIndex = 0; path = FlashWords.app; sourceTree = BUILT_PRODUCTS_DIR; };
		D6DDE3C82459ED60009855B8 /* AppDelegate.swift */ = {isa = PBXFileReference; lastKnownFileType = sourcecode.swift; path = AppDelegate.swift; sourceTree = "<group>"; };
		D6DDE3CA2459ED60009855B8 /* SceneDelegate.swift */ = {isa = PBXFileReference; lastKnownFileType = sourcecode.swift; path = SceneDelegate.swift; sourceTree = "<group>"; };
		D6DDE3CC2459ED60009855B8 /* CategoryViewController.swift */ = {isa = PBXFileReference; lastKnownFileType = sourcecode.swift; path = CategoryViewController.swift; sourceTree = "<group>"; };
		D6DDE3CF2459ED60009855B8 /* Base */ = {isa = PBXFileReference; lastKnownFileType = file.storyboard; name = Base; path = Base.lproj/Main.storyboard; sourceTree = "<group>"; };
		D6DDE3D12459ED60009855B8 /* Assets.xcassets */ = {isa = PBXFileReference; lastKnownFileType = folder.assetcatalog; path = Assets.xcassets; sourceTree = "<group>"; };
		D6DDE3D42459ED60009855B8 /* Base */ = {isa = PBXFileReference; lastKnownFileType = file.storyboard; name = Base; path = Base.lproj/LaunchScreen.storyboard; sourceTree = "<group>"; };
		D6DDE3D62459ED60009855B8 /* Info.plist */ = {isa = PBXFileReference; lastKnownFileType = text.plist.xml; path = Info.plist; sourceTree = "<group>"; };
/* End PBXFileReference section */

/* Begin PBXFrameworksBuildPhase section */
		D6DDE3C22459ED60009855B8 /* Frameworks */ = {
			isa = PBXFrameworksBuildPhase;
			buildActionMask = 2147483647;
			files = (
				122AFB6F5F409A355E38A8F3 /* Pods_FlashWords.framework in Frameworks */,
			);
			runOnlyForDeploymentPostprocessing = 0;
		};
/* End PBXFrameworksBuildPhase section */

/* Begin PBXGroup section */
		3B086AAEB0AF51A7758CC404 /* Frameworks */ = {
			isa = PBXGroup;
			children = (
				8FE025291FEB3A977F58695C /* Pods_FlashWords.framework */,
			);
			name = Frameworks;
			sourceTree = "<group>";
		};
		8FADF34155F80C6AA946291A /* Pods */ = {
			isa = PBXGroup;
			children = (
				866584E99AFC57C6F250B0B5 /* Pods-FlashWords.debug.xcconfig */,
				38B1D694C8E2A0DAAE6434E9 /* Pods-FlashWords.release.xcconfig */,
			);
			path = Pods;
			sourceTree = "<group>";
		};
		D6096AEE245AEB22000743F4 /* Supporting Files */ = {
			isa = PBXGroup;
			children = (
				D6DDE3D12459ED60009855B8 /* Assets.xcassets */,
				D6DDE3D32459ED60009855B8 /* LaunchScreen.storyboard */,
			);
			path = "Supporting Files";
			sourceTree = "<group>";
		};
		D6096AEF245AEB31000743F4 /* Views */ = {
			isa = PBXGroup;
			children = (
				D6DDE3CE2459ED60009855B8 /* Main.storyboard */,
			);
			path = Views;
			sourceTree = "<group>";
		};
		D6096AF0245AEB3C000743F4 /* Controllers */ = {
			isa = PBXGroup;
			children = (
				D6DDE3CC2459ED60009855B8 /* CategoryViewController.swift */,
				D685D162246055F300CABED4 /* WordsViewController.swift */,
				D685D16A2460682900CABED4 /* AddWordsViewController.swift */,
				D65A66BE246DB82F00B0E1F7 /* EditWordsViewController.swift */,
				D66361C4247C4C7300E55F0C /* LearnWordsViewController.swift */,
				D647E1082529D7E700447DFA /* SettingsViewController.swift */,
			);
			path = Controllers;
			sourceTree = "<group>";
		};
		D6096AF1245AEB54000743F4 /* Models */ = {
			isa = PBXGroup;
			children = (
				D6369D1924744B680099DB5D /* Translate.swift */,
				D640469E245AEFAA0040802E /* Category.swift */,
				D685D1662460594500CABED4 /* Word.swift */,
				D647E1052529CE1E00447DFA /* Settings.swift */,
			);
			path = Models;
			sourceTree = "<group>";
		};
		D6DDE3BC2459ED5F009855B8 = {
			isa = PBXGroup;
			children = (
				D6DDE3C72459ED60009855B8 /* FlashWords */,
				D6DDE3C62459ED60009855B8 /* Products */,
				8FADF34155F80C6AA946291A /* Pods */,
				3B086AAEB0AF51A7758CC404 /* Frameworks */,
			);
			sourceTree = "<group>";
		};
		D6DDE3C62459ED60009855B8 /* Products */ = {
			isa = PBXGroup;
			children = (
				D6DDE3C52459ED60009855B8 /* FlashWords.app */,
			);
			name = Products;
			sourceTree = "<group>";
		};
		D6DDE3C72459ED60009855B8 /* FlashWords */ = {
			isa = PBXGroup;
			children = (
				D6DDE3C82459ED60009855B8 /* AppDelegate.swift */,
				D6DDE3CA2459ED60009855B8 /* SceneDelegate.swift */,
				D6096AF1245AEB54000743F4 /* Models */,
				D6096AF0245AEB3C000743F4 /* Controllers */,
				D6096AEF245AEB31000743F4 /* Views */,
				D6096AEE245AEB22000743F4 /* Supporting Files */,
				D6DDE3D62459ED60009855B8 /* Info.plist */,
			);
			path = FlashWords;
			sourceTree = "<group>";
		};
/* End PBXGroup section */

/* Begin PBXNativeTarget section */
		D6DDE3C42459ED60009855B8 /* FlashWords */ = {
			isa = PBXNativeTarget;
			buildConfigurationList = D6DDE3D92459ED60009855B8 /* Build configuration list for PBXNativeTarget "FlashWords" */;
			buildPhases = (
				C71E1464C0899D95A56A67A2 /* [CP] Check Pods Manifest.lock */,
				D6DDE3C12459ED60009855B8 /* Sources */,
				D6DDE3C22459ED60009855B8 /* Frameworks */,
				D6DDE3C32459ED60009855B8 /* Resources */,
				81B4C89741ED68CDD3FD4E3C /* [CP] Embed Pods Frameworks */,
				0AE110ABBB497348630A3B46 /* [CP] Copy Pods Resources */,
			);
			buildRules = (
			);
			dependencies = (
			);
			name = FlashWords;
			productName = FlashWords;
			productReference = D6DDE3C52459ED60009855B8 /* FlashWords.app */;
			productType = "com.apple.product-type.application";
		};
/* End PBXNativeTarget section */

/* Begin PBXProject section */
		D6DDE3BD2459ED5F009855B8 /* Project object */ = {
			isa = PBXProject;
			attributes = {
				LastSwiftUpdateCheck = 1140;
				LastUpgradeCheck = 1140;
				ORGANIZATIONNAME = "Jędrzej Kuś";
				TargetAttributes = {
					D6DDE3C42459ED60009855B8 = {
						CreatedOnToolsVersion = 11.4.1;
					};
				};
			};
			buildConfigurationList = D6DDE3C02459ED5F009855B8 /* Build configuration list for PBXProject "FlashWords" */;
			compatibilityVersion = "Xcode 9.3";
			developmentRegion = en;
			hasScannedForEncodings = 0;
			knownRegions = (
				en,
				Base,
			);
			mainGroup = D6DDE3BC2459ED5F009855B8;
			productRefGroup = D6DDE3C62459ED60009855B8 /* Products */;
			projectDirPath = "";
			projectRoot = "";
			targets = (
				D6DDE3C42459ED60009855B8 /* FlashWords */,
			);
		};
/* End PBXProject section */

/* Begin PBXResourcesBuildPhase section */
		D6DDE3C32459ED60009855B8 /* Resources */ = {
			isa = PBXResourcesBuildPhase;
			buildActionMask = 2147483647;
			files = (
				D6DDE3D52459ED60009855B8 /* LaunchScreen.storyboard in Resources */,
				D6DDE3D22459ED60009855B8 /* Assets.xcassets in Resources */,
				D6DDE3D02459ED60009855B8 /* Main.storyboard in Resources */,
			);
			runOnlyForDeploymentPostprocessing = 0;
		};
/* End PBXResourcesBuildPhase section */

/* Begin PBXShellScriptBuildPhase section */
		0AE110ABBB497348630A3B46 /* [CP] Copy Pods Resources */ = {
			isa = PBXShellScriptBuildPhase;
			buildActionMask = 2147483647;
			files = (
			);
			inputFileListPaths = (
				"${PODS_ROOT}/Target Support Files/Pods-FlashWords/Pods-FlashWords-resources-${CONFIGURATION}-input-files.xcfilelist",
			);
			name = "[CP] Copy Pods Resources";
			outputFileListPaths = (
				"${PODS_ROOT}/Target Support Files/Pods-FlashWords/Pods-FlashWords-resources-${CONFIGURATION}-output-files.xcfilelist",
			);
			runOnlyForDeploymentPostprocessing = 0;
			shellPath = /bin/sh;
			shellScript = "\"${PODS_ROOT}/Target Support Files/Pods-FlashWords/Pods-FlashWords-resources.sh\"\n";
			showEnvVarsInLog = 0;
		};
		81B4C89741ED68CDD3FD4E3C /* [CP] Embed Pods Frameworks */ = {
			isa = PBXShellScriptBuildPhase;
			buildActionMask = 2147483647;
			files = (
			);
			inputFileListPaths = (
				"${PODS_ROOT}/Target Support Files/Pods-FlashWords/Pods-FlashWords-frameworks-${CONFIGURATION}-input-files.xcfilelist",
			);
			name = "[CP] Embed Pods Frameworks";
			outputFileListPaths = (
				"${PODS_ROOT}/Target Support Files/Pods-FlashWords/Pods-FlashWords-frameworks-${CONFIGURATION}-output-files.xcfilelist",
			);
			runOnlyForDeploymentPostprocessing = 0;
			shellPath = /bin/sh;
			shellScript = "\"${PODS_ROOT}/Target Support Files/Pods-FlashWords/Pods-FlashWords-frameworks.sh\"\n";
			showEnvVarsInLog = 0;
		};
		C71E1464C0899D95A56A67A2 /* [CP] Check Pods Manifest.lock */ = {
			isa = PBXShellScriptBuildPhase;
			buildActionMask = 2147483647;
			files = (
			);
			inputFileListPaths = (
			);
			inputPaths = (
				"${PODS_PODFILE_DIR_PATH}/Podfile.lock",
				"${PODS_ROOT}/Manifest.lock",
			);
			name = "[CP] Check Pods Manifest.lock";
			outputFileListPaths = (
			);
			outputPaths = (
				"$(DERIVED_FILE_DIR)/Pods-FlashWords-checkManifestLockResult.txt",
			);
			runOnlyForDeploymentPostprocessing = 0;
			shellPath = /bin/sh;
			shellScript = "diff \"${PODS_PODFILE_DIR_PATH}/Podfile.lock\" \"${PODS_ROOT}/Manifest.lock\" > /dev/null\nif [ $? != 0 ] ; then\n    # print error to STDERR\n    echo \"error: The sandbox is not in sync with the Podfile.lock. Run 'pod install' or update your CocoaPods installation.\" >&2\n    exit 1\nfi\n# This output is used by Xcode 'outputs' to avoid re-running this script phase.\necho \"SUCCESS\" > \"${SCRIPT_OUTPUT_FILE_0}\"\n";
			showEnvVarsInLog = 0;
		};
/* End PBXShellScriptBuildPhase section */

/* Begin PBXSourcesBuildPhase section */
		D6DDE3C12459ED60009855B8 /* Sources */ = {
			isa = PBXSourcesBuildPhase;
			buildActionMask = 2147483647;
			files = (
				D6DDE3CD2459ED60009855B8 /* CategoryViewController.swift in Sources */,
				D6DDE3C92459ED60009855B8 /* AppDelegate.swift in Sources */,
				D685D163246055F300CABED4 /* WordsViewController.swift in Sources */,
				D66361C5247C4C7300E55F0C /* LearnWordsViewController.swift in Sources */,
				D6DDE3CB2459ED60009855B8 /* SceneDelegate.swift in Sources */,
				D65A66BF246DB82F00B0E1F7 /* EditWordsViewController.swift in Sources */,
				D6369D1A24744B680099DB5D /* Translate.swift in Sources */,
				D640469F245AEFAA0040802E /* Category.swift in Sources */,
				D685D1672460594500CABED4 /* Word.swift in Sources */,
				D647E1062529CE1E00447DFA /* Settings.swift in Sources */,
				D685D16B2460682900CABED4 /* AddWordsViewController.swift in Sources */,
				D647E1092529D7E700447DFA /* SettingsViewController.swift in Sources */,
			);
			runOnlyForDeploymentPostprocessing = 0;
		};
/* End PBXSourcesBuildPhase section */

/* Begin PBXVariantGroup section */
		D6DDE3CE2459ED60009855B8 /* Main.storyboard */ = {
			isa = PBXVariantGroup;
			children = (
				D6DDE3CF2459ED60009855B8 /* Base */,
			);
			name = Main.storyboard;
			sourceTree = "<group>";
		};
		D6DDE3D32459ED60009855B8 /* LaunchScreen.storyboard */ = {
			isa = PBXVariantGroup;
			children = (
				D6DDE3D42459ED60009855B8 /* Base */,
			);
			name = LaunchScreen.storyboard;
			sourceTree = "<group>";
		};
/* End PBXVariantGroup section */

/* Begin XCBuildConfiguration section */
		D6DDE3D72459ED60009855B8 /* Debug */ = {
			isa = XCBuildConfiguration;
			buildSettings = {
				ALWAYS_SEARCH_USER_PATHS = NO;
				CLANG_ANALYZER_NONNULL = YES;
				CLANG_ANALYZER_NUMBER_OBJECT_CONVERSION = YES_AGGRESSIVE;
				CLANG_CXX_LANGUAGE_STANDARD = "gnu++14";
				CLANG_CXX_LIBRARY = "libc++";
				CLANG_ENABLE_MODULES = YES;
				CLANG_ENABLE_OBJC_ARC = YES;
				CLANG_ENABLE_OBJC_WEAK = YES;
				CLANG_WARN_BLOCK_CAPTURE_AUTORELEASING = YES;
				CLANG_WARN_BOOL_CONVERSION = YES;
				CLANG_WARN_COMMA = YES;
				CLANG_WARN_CONSTANT_CONVERSION = YES;
				CLANG_WARN_DEPRECATED_OBJC_IMPLEMENTATIONS = YES;
				CLANG_WARN_DIRECT_OBJC_ISA_USAGE = YES_ERROR;
				CLANG_WARN_DOCUMENTATION_COMMENTS = YES;
				CLANG_WARN_EMPTY_BODY = YES;
				CLANG_WARN_ENUM_CONVERSION = YES;
				CLANG_WARN_INFINITE_RECURSION = YES;
				CLANG_WARN_INT_CONVERSION = YES;
				CLANG_WARN_NON_LITERAL_NULL_CONVERSION = YES;
				CLANG_WARN_OBJC_IMPLICIT_RETAIN_SELF = YES;
				CLANG_WARN_OBJC_LITERAL_CONVERSION = YES;
				CLANG_WARN_OBJC_ROOT_CLASS = YES_ERROR;
				CLANG_WARN_RANGE_LOOP_ANALYSIS = YES;
				CLANG_WARN_STRICT_PROTOTYPES = YES;
				CLANG_WARN_SUSPICIOUS_MOVE = YES;
				CLANG_WARN_UNGUARDED_AVAILABILITY = YES_AGGRESSIVE;
				CLANG_WARN_UNREACHABLE_CODE = YES;
				CLANG_WARN__DUPLICATE_METHOD_MATCH = YES;
				COPY_PHASE_STRIP = NO;
				DEBUG_INFORMATION_FORMAT = dwarf;
				ENABLE_STRICT_OBJC_MSGSEND = YES;
				ENABLE_TESTABILITY = YES;
				GCC_C_LANGUAGE_STANDARD = gnu11;
				GCC_DYNAMIC_NO_PIC = NO;
				GCC_NO_COMMON_BLOCKS = YES;
				GCC_OPTIMIZATION_LEVEL = 0;
				GCC_PREPROCESSOR_DEFINITIONS = (
					"DEBUG=1",
					"$(inherited)",
				);
				GCC_WARN_64_TO_32_BIT_CONVERSION = YES;
				GCC_WARN_ABOUT_RETURN_TYPE = YES_ERROR;
				GCC_WARN_UNDECLARED_SELECTOR = YES;
				GCC_WARN_UNINITIALIZED_AUTOS = YES_AGGRESSIVE;
				GCC_WARN_UNUSED_FUNCTION = YES;
				GCC_WARN_UNUSED_VARIABLE = YES;
				IPHONEOS_DEPLOYMENT_TARGET = 13.4;
				MTL_ENABLE_DEBUG_INFO = INCLUDE_SOURCE;
				MTL_FAST_MATH = YES;
				ONLY_ACTIVE_ARCH = YES;
				SDKROOT = iphoneos;
				SWIFT_ACTIVE_COMPILATION_CONDITIONS = DEBUG;
				SWIFT_OPTIMIZATION_LEVEL = "-Onone";
			};
			name = Debug;
		};
		D6DDE3D82459ED60009855B8 /* Release */ = {
			isa = XCBuildConfiguration;
			buildSettings = {
				ALWAYS_SEARCH_USER_PATHS = NO;
				CLANG_ANALYZER_NONNULL = YES;
				CLANG_ANALYZER_NUMBER_OBJECT_CONVERSION = YES_AGGRESSIVE;
				CLANG_CXX_LANGUAGE_STANDARD = "gnu++14";
				CLANG_CXX_LIBRARY = "libc++";
				CLANG_ENABLE_MODULES = YES;
				CLANG_ENABLE_OBJC_ARC = YES;
				CLANG_ENABLE_OBJC_WEAK = YES;
				CLANG_WARN_BLOCK_CAPTURE_AUTORELEASING = YES;
				CLANG_WARN_BOOL_CONVERSION = YES;
				CLANG_WARN_COMMA = YES;
				CLANG_WARN_CONSTANT_CONVERSION = YES;
				CLANG_WARN_DEPRECATED_OBJC_IMPLEMENTATIONS = YES;
				CLANG_WARN_DIRECT_OBJC_ISA_USAGE = YES_ERROR;
				CLANG_WARN_DOCUMENTATION_COMMENTS = YES;
				CLANG_WARN_EMPTY_BODY = YES;
				CLANG_WARN_ENUM_CONVERSION = YES;
				CLANG_WARN_INFINITE_RECURSION = YES;
				CLANG_WARN_INT_CONVERSION = YES;
				CLANG_WARN_NON_LITERAL_NULL_CONVERSION = YES;
				CLANG_WARN_OBJC_IMPLICIT_RETAIN_SELF = YES;
				CLANG_WARN_OBJC_LITERAL_CONVERSION = YES;
				CLANG_WARN_OBJC_ROOT_CLASS = YES_ERROR;
				CLANG_WARN_RANGE_LOOP_ANALYSIS = YES;
				CLANG_WARN_STRICT_PROTOTYPES = YES;
				CLANG_WARN_SUSPICIOUS_MOVE = YES;
				CLANG_WARN_UNGUARDED_AVAILABILITY = YES_AGGRESSIVE;
				CLANG_WARN_UNREACHABLE_CODE = YES;
				CLANG_WARN__DUPLICATE_METHOD_MATCH = YES;
				COPY_PHASE_STRIP = NO;
				DEBUG_INFORMATION_FORMAT = "dwarf-with-dsym";
				ENABLE_NS_ASSERTIONS = NO;
				ENABLE_STRICT_OBJC_MSGSEND = YES;
				GCC_C_LANGUAGE_STANDARD = gnu11;
				GCC_NO_COMMON_BLOCKS = YES;
				GCC_WARN_64_TO_32_BIT_CONVERSION = YES;
				GCC_WARN_ABOUT_RETURN_TYPE = YES_ERROR;
				GCC_WARN_UNDECLARED_SELECTOR = YES;
				GCC_WARN_UNINITIALIZED_AUTOS = YES_AGGRESSIVE;
				GCC_WARN_UNUSED_FUNCTION = YES;
				GCC_WARN_UNUSED_VARIABLE = YES;
				IPHONEOS_DEPLOYMENT_TARGET = 13.4;
				MTL_ENABLE_DEBUG_INFO = NO;
				MTL_FAST_MATH = YES;
				SDKROOT = iphoneos;
				SWIFT_COMPILATION_MODE = wholemodule;
				SWIFT_OPTIMIZATION_LEVEL = "-O";
				VALIDATE_PRODUCT = YES;
			};
			name = Release;
		};
		D6DDE3DA2459ED60009855B8 /* Debug */ = {
			isa = XCBuildConfiguration;
			baseConfigurationReference = 866584E99AFC57C6F250B0B5 /* Pods-FlashWords.debug.xcconfig */;
			buildSettings = {
				ASSETCATALOG_COMPILER_APPICON_NAME = AppIcon;
				CODE_SIGN_STYLE = Automatic;
				DEVELOPMENT_TEAM = FH6MHCYNH7;
				INFOPLIST_FILE = FlashWords/Info.plist;
				LD_RUNPATH_SEARCH_PATHS = (
					"$(inherited)",
					"@executable_path/Frameworks",
				);
				PRODUCT_BUNDLE_IDENTIFIER = kus.jedrzej.FlashWords;
				PRODUCT_NAME = "$(TARGET_NAME)";
				SWIFT_VERSION = 5.0;
				TARGETED_DEVICE_FAMILY = 1;
			};
			name = Debug;
		};
		D6DDE3DB2459ED60009855B8 /* Release */ = {
			isa = XCBuildConfiguration;
			baseConfigurationReference = 38B1D694C8E2A0DAAE6434E9 /* Pods-FlashWords.release.xcconfig */;
			buildSettings = {
				ASSETCATALOG_COMPILER_APPICON_NAME = AppIcon;
				CODE_SIGN_STYLE = Automatic;
				DEVELOPMENT_TEAM = FH6MHCYNH7;
				INFOPLIST_FILE = FlashWords/Info.plist;
				LD_RUNPATH_SEARCH_PATHS = (
					"$(inherited)",
					"@executable_path/Frameworks",
				);
				PRODUCT_BUNDLE_IDENTIFIER = kus.jedrzej.FlashWords;
				PRODUCT_NAME = "$(TARGET_NAME)";
				SWIFT_VERSION = 5.0;
				TARGETED_DEVICE_FAMILY = 1;
			};
			name = Release;
		};
/* End XCBuildConfiguration section */

/* Begin XCConfigurationList section */
		D6DDE3C02459ED5F009855B8 /* Build configuration list for PBXProject "FlashWords" */ = {
			isa = XCConfigurationList;
			buildConfigurations = (
				D6DDE3D72459ED60009855B8 /* Debug */,
				D6DDE3D82459ED60009855B8 /* Release */,
			);
			defaultConfigurationIsVisible = 0;
			defaultConfigurationName = Release;
		};
		D6DDE3D92459ED60009855B8 /* Build configuration list for PBXNativeTarget "FlashWords" */ = {
			isa = XCConfigurationList;
			buildConfigurations = (
				D6DDE3DA2459ED60009855B8 /* Debug */,
				D6DDE3DB2459ED60009855B8 /* Release */,
			);
			defaultConfigurationIsVisible = 0;
			defaultConfigurationName = Release;
		};
/* End XCConfigurationList section */
	};
	rootObject = D6DDE3BD2459ED5F009855B8 /* Project object */;
}
