// !$*UTF8*$!
{
	archiveVersion = 1;
	classes = {
	};
	objectVersion = 50;
	objects = {

/* Begin PBXBuildFile section */
		D6DDE3C92459ED60009855B8 /* AppDelegate.swift in Sources */ = {isa = PBXBuildFile; fileRef = D6DDE3C82459ED60009855B8 /* AppDelegate.swift */; };
		D6DDE3CB2459ED60009855B8 /* SceneDelegate.swift in Sources */ = {isa = PBXBuildFile; fileRef = D6DDE3CA2459ED60009855B8 /* SceneDelegate.swift */; };
		D6DDE3CD2459ED60009855B8 /* ViewController.swift in Sources */ = {isa = PBXBuildFile; fileRef = D6DDE3CC2459ED60009855B8 /* ViewController.swift */; };
		D6DDE3D02459ED60009855B8 /* Main.storyboard in Resources */ = {isa = PBXBuildFile; fileRef = D6DDE3CE2459ED60009855B8 /* Main.storyboard */; };
		D6DDE3D22459ED60009855B8 /* Assets.xcassets in Resources */ = {isa = PBXBuildFile; fileRef = D6DDE3D12459ED60009855B8 /* Assets.xcassets */; };
		D6DDE3D52459ED60009855B8 /* LaunchScreen.storyboard in Resources */ = {isa = PBXBuildFile; fileRef = D6DDE3D32459ED60009855B8 /* LaunchScreen.storyboard */; };
/* End PBXBuildFile section */

/* Begin PBXFileReference section */
		D6DDE3C52459ED60009855B8 /* FlashWords.app */ = {isa = PBXFileReference; explicitFileType = wrapper.application; includeInIndex = 0; path = FlashWords.app; sourceTree = BUILT_PRODUCTS_DIR; };
		D6DDE3C82459ED60009855B8 /* AppDelegate.swift */ = {isa = PBXFileReference; lastKnownFileType = sourcecode.swift; path = AppDelegate.swift; sourceTree = "<group>"; };
		D6DDE3CA2459ED60009855B8 /* SceneDelegate.swift */ = {isa = PBXFileReference; lastKnownFileType = sourcecode.swift; path = SceneDelegate.swift; sourceTree = "<group>"; };
		D6DDE3CC2459ED60009855B8 /* ViewController.swift */ = {isa = PBXFileReference; lastKnownFileType = sourcecode.swift; path = ViewController.swift; sourceTree = "<group>"; };
		D6DDE3CF2459ED60009855B8 /* Base */ = {isa = PBXFileReference; lastKnownFileType = file.storyboard; name = Base; path = Base.lproj/Main.storyboard; sourceTree = "<group>"; };
		D6DDE3D12459ED60009855B8 /* Assets.xcassets */ = {isa = PBXFileReference; lastKnownFileType = folder.assetcatalog; path = Assets.xcassets; sourceTree = "<group>"; };
		D6DDE3D42459ED60009855B8 /* Base */ = {isa = PBXFileReference; lastKnownFileType = file.storyboard; name = Base; path = Base.lproj/LaunchScreen.storyboard; sourceTree = "<group>"; };
		D6DDE3D62459ED60009855B8 /* Info.plist */ = {isa = PBXFileReference; lastKnownFileType = text.plist.xml; path = Info.plist; sourceTree = "<group>"; };
/* End PBXFileReference section */

/* Begin PBXFrameworksBuildPhase section */
		D6DDE3C22459ED60009855B8 /* Frameworks */ = {
			isa = PBXFrameworksBuildPhase;
			buildActionMask = 2147483647;
			files = (
			);
			runOnlyForDeploymentPostprocessing = 0;
		};
/* End PBXFrameworksBuildPhase section */

/* Begin PBXGroup section */
		D6DDE3BC2459ED5F009855B8 = {
			isa = PBXGroup;
			children = (
				D6DDE3C72459ED60009855B8 /* FlashWords */,
				D6DDE3C62459ED60009855B8 /* Products */,
			);
			sourceTree = "<group>";
		};
		D6DDE3C62459ED60009855B8 /* Products */ = {
			isa = PBXGroup;
			children = (
				D6DDE3C52459ED60009855B8 /* FlashWords.app */,
			);
			name = Products;
			sourceTree = "<group>";
		};
		D6DDE3C72459ED60009855B8 /* FlashWords */ = {
			isa = PBXGroup;
			children = (
				D6DDE3C82459ED60009855B8 /* AppDelegate.swift */,
				D6DDE3CA2459ED60009855B8 /* SceneDelegate.swift */,
				D6DDE3CC2459ED60009855B8 /* ViewController.swift */,
				D6DDE3CE2459ED60009855B8 /* Main.storyboard */,
				D6DDE3D12459ED60009855B8 /* Assets.xcassets */,
				D6DDE3D32459ED60009855B8 /* LaunchScreen.storyboard */,
				D6DDE3D62459ED60009855B8 /* Info.plist */,
			);
			path = FlashWords;
			sourceTree = "<group>";
		};
/* End PBXGroup section */

/* Begin PBXNativeTarget section */
		D6DDE3C42459ED60009855B8 /* FlashWords */ = {
			isa = PBXNativeTarget;
			buildConfigurationList = D6DDE3D92459ED60009855B8 /* Build configuration list for PBXNativeTarget "FlashWords" */;
			buildPhases = (
				D6DDE3C12459ED60009855B8 /* Sources */,
				D6DDE3C22459ED60009855B8 /* Frameworks */,
				D6DDE3C32459ED60009855B8 /* Resources */,
			);
			buildRules = (
			);
			dependencies = (
			);
			name = FlashWords;
			productName = FlashWords;
			productReference = D6DDE3C52459ED60009855B8 /* FlashWords.app */;
			productType = "com.apple.product-type.application";
		};
/* End PBXNativeTarget section */

/* Begin PBXProject section */
		D6DDE3BD2459ED5F009855B8 /* Project object */ = {
			isa = PBXProject;
			attributes = {
				LastSwiftUpdateCheck = 1140;
				LastUpgradeCheck = 1140;
				ORGANIZATIONNAME = "Jędrzej Kuś";
				TargetAttributes = {
					D6DDE3C42459ED60009855B8 = {
						CreatedOnToolsVersion = 11.4.1;
					};
				};
			};
			buildConfigurationList = D6DDE3C02459ED5F009855B8 /* Build configuration list for PBXProject "FlashWords" */;
			compatibilityVersion = "Xcode 9.3";
			developmentRegion = en;
			hasScannedForEncodings = 0;
			knownRegions = (
				en,
				Base,
			);
			mainGroup = D6DDE3BC2459ED5F009855B8;
			productRefGroup = D6DDE3C62459ED60009855B8 /* Products */;
			projectDirPath = "";
			projectRoot = "";
			targets = (
				D6DDE3C42459ED60009855B8 /* FlashWords */,
			);
		};
/* End PBXProject section */

/* Begin PBXResourcesBuildPhase section */
		D6DDE3C32459ED60009855B8 /* Resources */ = {
			isa = PBXResourcesBuildPhase;
			buildActionMask = 2147483647;
			files = (
				D6DDE3D52459ED60009855B8 /* LaunchScreen.storyboard in Resources */,
				D6DDE3D22459ED60009855B8 /* Assets.xcassets in Resources */,
				D6DDE3D02459ED60009855B8 /* Main.storyboard in Resources */,
			);
			runOnlyForDeploymentPostprocessing = 0;
		};
/* End PBXResourcesBuildPhase section */

/* Begin PBXSourcesBuildPhase section */
		D6DDE3C12459ED60009855B8 /* Sources */ = {
			isa = PBXSourcesBuildPhase;
			buildActionMask = 2147483647;
			files = (
				D6DDE3CD2459ED60009855B8 /* ViewController.swift in Sources */,
				D6DDE3C92459ED60009855B8 /* AppDelegate.swift in Sources */,
				D6DDE3CB2459ED60009855B8 /* SceneDelegate.swift in Sources */,
			);
			runOnlyForDeploymentPostprocessing = 0;
		};
/* End PBXSourcesBuildPhase section */

/* Begin PBXVariantGroup section */
		D6DDE3CE2459ED60009855B8 /* Main.storyboard */ = {
			isa = PBXVariantGroup;
			children = (
				D6DDE3CF2459ED60009855B8 /* Base */,
			);
			name = Main.storyboard;
			sourceTree = "<group>";
		};
		D6DDE3D32459ED60009855B8 /* LaunchScreen.storyboard */ = {
			isa = PBXVariantGroup;
			children = (
				D6DDE3D42459ED60009855B8 /* Base */,
			);
			name = LaunchScreen.storyboard;
			sourceTree = "<group>";
		};
/* End PBXVariantGroup section */

/* Begin XCBuildConfiguration section */
		D6DDE3D72459ED60009855B8 /* Debug */ = {
			isa = XCBuildConfiguration;
			buildSettings = {
				ALWAYS_SEARCH_USER_PATHS = NO;
				CLANG_ANALYZER_NONNULL = YES;
				CLANG_ANALYZER_NUMBER_OBJECT_CONVERSION = YES_AGGRESSIVE;
				CLANG_CXX_LANGUAGE_STANDARD = "gnu++14";
				CLANG_CXX_LIBRARY = "libc++";
				CLANG_ENABLE_MODULES = YES;
				CLANG_ENABLE_OBJC_ARC = YES;
				CLANG_ENABLE_OBJC_WEAK = YES;
				CLANG_WARN_BLOCK_CAPTURE_AUTORELEASING = YES;
				CLANG_WARN_BOOL_CONVERSION = YES;
				CLANG_WARN_COMMA = YES;
				CLANG_WARN_CONSTANT_CONVERSION = YES;
				CLANG_WARN_DEPRECATED_OBJC_IMPLEMENTATIONS = YES;
				CLANG_WARN_DIRECT_OBJC_ISA_USAGE = YES_ERROR;
				CLANG_WARN_DOCUMENTATION_COMMENTS = YES;
				CLANG_WARN_EMPTY_BODY = YES;
				CLANG_WARN_ENUM_CONVERSION = YES;
				CLANG_WARN_INFINITE_RECURSION = YES;
				CLANG_WARN_INT_CONVERSION = YES;
				CLANG_WARN_NON_LITERAL_NULL_CONVERSION = YES;
				CLANG_WARN_OBJC_IMPLICIT_RETAIN_SELF = YES;
				CLANG_WARN_OBJC_LITERAL_CONVERSION = YES;
				CLANG_WARN_OBJC_ROOT_CLASS = YES_ERROR;
				CLANG_WARN_RANGE_LOOP_ANALYSIS = YES;
				CLANG_WARN_STRICT_PROTOTYPES = YES;
				CLANG_WARN_SUSPICIOUS_MOVE = YES;
				CLANG_WARN_UNGUARDED_AVAILABILITY = YES_AGGRESSIVE;
				CLANG_WARN_UNREACHABLE_CODE = YES;
				CLANG_WARN__DUPLICATE_METHOD_MATCH = YES;
				COPY_PHASE_STRIP = NO;
				DEBUG_INFORMATION_FORMAT = dwarf;
				ENABLE_STRICT_OBJC_MSGSEND = YES;
				ENABLE_TESTABILITY = YES;
				GCC_C_LANGUAGE_STANDARD = gnu11;
				GCC_DYNAMIC_NO_PIC = NO;
				GCC_NO_COMMON_BLOCKS = YES;
				GCC_OPTIMIZATION_LEVEL = 0;
				GCC_PREPROCESSOR_DEFINITIONS = (
					"DEBUG=1",
					"$(inherited)",
				);
				GCC_WARN_64_TO_32_BIT_CONVERSION = YES;
				GCC_WARN_ABOUT_RETURN_TYPE = YES_ERROR;
				GCC_WARN_UNDECLARED_SELECTOR = YES;
				GCC_WARN_UNINITIALIZED_AUTOS = YES_AGGRESSIVE;
				GCC_WARN_UNUSED_FUNCTION = YES;
				GCC_WARN_UNUSED_VARIABLE = YES;
				IPHONEOS_DEPLOYMENT_TARGET = 13.4;
				MTL_ENABLE_DEBUG_INFO = INCLUDE_SOURCE;
				MTL_FAST_MATH = YES;
				ONLY_ACTIVE_ARCH = YES;
				SDKROOT = iphoneos;
				SWIFT_ACTIVE_COMPILATION_CONDITIONS = DEBUG;
				SWIFT_OPTIMIZATION_LEVEL = "-Onone";
			};
			name = Debug;
		};
		D6DDE3D82459ED60009855B8 /* Release */ = {
			isa = XCBuildConfiguration;
			buildSettings = {
				ALWAYS_SEARCH_USER_PATHS = NO;
				CLANG_ANALYZER_NONNULL = YES;
				CLANG_ANALYZER_NUMBER_OBJECT_CONVERSION = YES_AGGRESSIVE;
				CLANG_CXX_LANGUAGE_STANDARD = "gnu++14";
				CLANG_CXX_LIBRARY = "libc++";
				CLANG_ENABLE_MODULES = YES;
				CLANG_ENABLE_OBJC_ARC = YES;
				CLANG_ENABLE_OBJC_WEAK = YES;
				CLANG_WARN_BLOCK_CAPTURE_AUTORELEASING = YES;
				CLANG_WARN_BOOL_CONVERSION = YES;
				CLANG_WARN_COMMA = YES;
				CLANG_WARN_CONSTANT_CONVERSION = YES;
				CLANG_WARN_DEPRECATED_OBJC_IMPLEMENTATIONS = YES;
				CLANG_WARN_DIRECT_OBJC_ISA_USAGE = YES_ERROR;
				CLANG_WARN_DOCUMENTATION_COMMENTS = YES;
				CLANG_WARN_EMPTY_BODY = YES;
				CLANG_WARN_ENUM_CONVERSION = YES;
				CLANG_WARN_INFINITE_RECURSION = YES;
				CLANG_WARN_INT_CONVERSION = YES;
				CLANG_WARN_NON_LITERAL_NULL_CONVERSION = YES;
				CLANG_WARN_OBJC_IMPLICIT_RETAIN_SELF = YES;
				CLANG_WARN_OBJC_LITERAL_CONVERSION = YES;
				CLANG_WARN_OBJC_ROOT_CLASS = YES_ERROR;
				CLANG_WARN_RANGE_LOOP_ANALYSIS = YES;
				CLANG_WARN_STRICT_PROTOTYPES = YES;
				CLANG_WARN_SUSPICIOUS_MOVE = YES;
				CLANG_WARN_UNGUARDED_AVAILABILITY = YES_AGGRESSIVE;
				CLANG_WARN_UNREACHABLE_CODE = YES;
				CLANG_WARN__DUPLICATE_METHOD_MATCH = YES;
				COPY_PHASE_STRIP = NO;
				DEBUG_INFORMATION_FORMAT = "dwarf-with-dsym";
				ENABLE_NS_ASSERTIONS = NO;
				ENABLE_STRICT_OBJC_MSGSEND = YES;
				GCC_C_LANGUAGE_STANDARD = gnu11;
				GCC_NO_COMMON_BLOCKS = YES;
				GCC_WARN_64_TO_32_BIT_CONVERSION = YES;
				GCC_WARN_ABOUT_RETURN_TYPE = YES_ERROR;
				GCC_WARN_UNDECLARED_SELECTOR = YES;
				GCC_WARN_UNINITIALIZED_AUTOS = YES_AGGRESSIVE;
				GCC_WARN_UNUSED_FUNCTION = YES;
				GCC_WARN_UNUSED_VARIABLE = YES;
				IPHONEOS_DEPLOYMENT_TARGET = 13.4;
				MTL_ENABLE_DEBUG_INFO = NO;
				MTL_FAST_MATH = YES;
				SDKROOT = iphoneos;
				SWIFT_COMPILATION_MODE = wholemodule;
				SWIFT_OPTIMIZATION_LEVEL = "-O";
				VALIDATE_PRODUCT = YES;
			};
			name = Release;
		};
		D6DDE3DA2459ED60009855B8 /* Debug */ = {
			isa = XCBuildConfiguration;
			buildSettings = {
				ASSETCATALOG_COMPILER_APPICON_NAME = AppIcon;
				CODE_SIGN_STYLE = Automatic;
				DEVELOPMENT_TEAM = FH6MHCYNH7;
				INFOPLIST_FILE = FlashWords/Info.plist;
				LD_RUNPATH_SEARCH_PATHS = (
					"$(inherited)",
					"@executable_path/Frameworks",
				);
				PRODUCT_BUNDLE_IDENTIFIER = kus.jedrzej.FlashWords;
				PRODUCT_NAME = "$(TARGET_NAME)";
				SWIFT_VERSION = 5.0;
				TARGETED_DEVICE_FAMILY = "1,2";
			};
			name = Debug;
		};
		D6DDE3DB2459ED60009855B8 /* Release */ = {
			isa = XCBuildConfiguration;
			buildSettings = {
				ASSETCATALOG_COMPILER_APPICON_NAME = AppIcon;
				CODE_SIGN_STYLE = Automatic;
				DEVELOPMENT_TEAM = FH6MHCYNH7;
				INFOPLIST_FILE = FlashWords/Info.plist;
				LD_RUNPATH_SEARCH_PATHS = (
					"$(inherited)",
					"@executable_path/Frameworks",
				);
				PRODUCT_BUNDLE_IDENTIFIER = kus.jedrzej.FlashWords;
				PRODUCT_NAME = "$(TARGET_NAME)";
				SWIFT_VERSION = 5.0;
				TARGETED_DEVICE_FAMILY = "1,2";
			};
			name = Release;
		};
/* End XCBuildConfiguration section */

/* Begin XCConfigurationList section */
		D6DDE3C02459ED5F009855B8 /* Build configuration list for PBXProject "FlashWords" */ = {
			isa = XCConfigurationList;
			buildConfigurations = (
				D6DDE3D72459ED60009855B8 /* Debug */,
				D6DDE3D82459ED60009855B8 /* Release */,
			);
			defaultConfigurationIsVisible = 0;
			defaultConfigurationName = Release;
		};
		D6DDE3D92459ED60009855B8 /* Build configuration list for PBXNativeTarget "FlashWords" */ = {
			isa = XCConfigurationList;
			buildConfigurations = (
				D6DDE3DA2459ED60009855B8 /* Debug */,
				D6DDE3DB2459ED60009855B8 /* Release */,
			);
			defaultConfigurationIsVisible = 0;
			defaultConfigurationName = Release;
		};
/* End XCConfigurationList section */
	};
	rootObject = D6DDE3BD2459ED5F009855B8 /* Project object */;
}
